
Microsoft Visual Studio Solution File, Format Version 12.00
# Visual Studio 2012
Project("{FAE04EC0-301F-11D3-BF4B-00C04F79EFBC}") = "UberEats-WebApi", "UberEats-WebApi\UberEats-WebApi.csproj", "{6F910068-6828-45F6-B274-420DEE61805A}"
EndProject
Project("{FAE04EC0-301F-11D3-BF4B-00C04F79EFBC}") = "UberEats-WebApi.Tests", "UberEats-WebApi.Tests\UberEats-WebApi.Tests.csproj", "{804E25E8-C4FC-4834-B706-5E9F8A0D8494}"
EndProject
Global
	GlobalSection(SolutionConfigurationPlatforms) = preSolution
		Debug|Any CPU = Debug|Any CPU
		Release|Any CPU = Release|Any CPU
	EndGlobalSection
	GlobalSection(ProjectConfigurationPlatforms) = postSolution
		{6F910068-6828-45F6-B274-420DEE61805A}.Debug|Any CPU.ActiveCfg = Debug|Any CPU
		{6F910068-6828-45F6-B274-420DEE61805A}.Debug|Any CPU.Build.0 = Debug|Any CPU
		{6F910068-6828-45F6-B274-420DEE61805A}.Release|Any CPU.ActiveCfg = Release|Any CPU
		{6F910068-6828-45F6-B274-420DEE61805A}.Release|Any CPU.Build.0 = Release|Any CPU
		{804E25E8-C4FC-4834-B706-5E9F8A0D8494}.Debug|Any CPU.ActiveCfg = Debug|Any CPU
		{804E25E8-C4FC-4834-B706-5E9F8A0D8494}.Debug|Any CPU.Build.0 = Debug|Any CPU
		{804E25E8-C4FC-4834-B706-5E9F8A0D8494}.Release|Any CPU.ActiveCfg = Release|Any CPU
		{804E25E8-C4FC-4834-B706-5E9F8A0D8494}.Release|Any CPU.Build.0 = Release|Any CPU
	EndGlobalSection
EndGlobal
