
Microsoft Visual Studio Solution File, Format Version 12.00
# Visual Studio 2012
Project("{FAE04EC0-301F-11D3-BF4B-00C04F79EFBC}") = "UberEats", "UberEats\UberEats.csproj", "{A0EB7094-9AF8-49A0-99DA-A4FB2A3090E2}"
EndProject
Global
	GlobalSection(SolutionConfigurationPlatforms) = preSolution
		Debug|Any CPU = Debug|Any CPU
		Release|Any CPU = Release|Any CPU
	EndGlobalSection
	GlobalSection(ProjectConfigurationPlatforms) = postSolution
		{A0EB7094-9AF8-49A0-99DA-A4FB2A3090E2}.Debug|Any CPU.ActiveCfg = Debug|Any CPU
		{A0EB7094-9AF8-49A0-99DA-A4FB2A3090E2}.Debug|Any CPU.Build.0 = Debug|Any CPU
		{A0EB7094-9AF8-49A0-99DA-A4FB2A3090E2}.Release|Any CPU.ActiveCfg = Release|Any CPU
		{A0EB7094-9AF8-49A0-99DA-A4FB2A3090E2}.Release|Any CPU.Build.0 = Release|Any CPU
	EndGlobalSection
EndGlobal
